
Microsoft Visual Studio Solution File, Format Version 12.00
# Visual Studio 15
VisualStudioVersion = 15.0.27130.2027
MinimumVisualStudioVersion = 10.0.40219.1
Project("{8BC9CEB8-8B4A-11D0-8D11-00A0C91BC942}") = "HelloGit", "HelloGit\HelloGit.vcxproj", "{46084CB4-F0B4-4638-86C4-E21CE3E2E515}"
EndProject
Global
	GlobalSection(SolutionConfigurationPlatforms) = preSolution
		Debug|x64 = Debug|x64
		Debug|x86 = Debug|x86
		Release|x64 = Release|x64
		Release|x86 = Release|x86
	EndGlobalSection
	GlobalSection(ProjectConfigurationPlatforms) = postSolution
		{46084CB4-F0B4-4638-86C4-E21CE3E2E515}.Debug|x64.ActiveCfg = Debug|x64
		{46084CB4-F0B4-4638-86C4-E21CE3E2E515}.Debug|x64.Build.0 = Debug|x64
		{46084CB4-F0B4-4638-86C4-E21CE3E2E515}.Debug|x86.ActiveCfg = Debug|Win32
		{46084CB4-F0B4-4638-86C4-E21CE3E2E515}.Debug|x86.Build.0 = Debug|Win32
		{46084CB4-F0B4-4638-86C4-E21CE3E2E515}.Release|x64.ActiveCfg = Release|x64
		{46084CB4-F0B4-4638-86C4-E21CE3E2E515}.Release|x64.Build.0 = Release|x64
		{46084CB4-F0B4-4638-86C4-E21CE3E2E515}.Release|x86.ActiveCfg = Release|Win32
		{46084CB4-F0B4-4638-86C4-E21CE3E2E515}.Release|x86.Build.0 = Release|Win32
	EndGlobalSection
	GlobalSection(SolutionProperties) = preSolution
		HideSolutionNode = FALSE
	EndGlobalSection
	GlobalSection(ExtensibilityGlobals) = postSolution
		SolutionGuid = {D7B23E42-555E-4F78-B401-C62CBCD00C84}
	EndGlobalSection
EndGlobal
